# THIS IS AN AUTOGENERATED FILE. DO NOT EDIT THIS FILE DIRECTLY.
# yarn lockfile v1


"spectaql-dark-theme@^0.0.1":
  "resolved" "file:../spectaql-dark-theme"
  "version" "0.0.1"

"spectaql@file:../spectaql":
  "resolved" "file:../spectaql"
  "version" "1.2.1"
  dependencies:
    "@anvilco/apollo-server-plugin-introspection-metadata" "^1.1.1"
    "@graphql-tools/load-files" "^6.3.2"
    "@graphql-tools/merge" "^8.1.2"
    "cheerio" "^1.0.0-rc.10"
    "coffeescript" "^2.6.1"
    "commander" "^9.1.0"
    "foundation-sites" "^6.7.2"
    "graphql" "^16.3.0"
    "graphql-scalars" "^1.15.0"
    "grunt" "^1.4.1"
    "grunt-compile-handlebars" "^2.0.2"
    "grunt-contrib-clean" "^2.0.0"
    "grunt-contrib-concat" "^2.1.0"
    "grunt-contrib-connect" "^3.0.0"
    "grunt-contrib-copy" "^1.0.0"
    "grunt-contrib-cssmin" "^4.0.0"
    "grunt-contrib-handlebars" "^3.0.0"
    "grunt-contrib-uglify" "^5.0.1"
    "grunt-contrib-watch" "^1.1.0"
    "grunt-embed" "^0.2.1"
    "grunt-prettify" "^0.4.0"
    "grunt-sass" "^3.0.2"
    "handlebars" "^4.3.0"
    "highlight.js" "^11.4.0"
    "js-yaml" "^4.1.0"
    "json-stringify-pretty-compact" "^3.0.0"
    "json5" "^2.2.0"
    "lodash" "^4.17.12"
    "marked" "^4.0.12"
    "microfiber" "^1.0.1"
    "sass" "^1.32.13"
    "sync-request" "^6.1.0"
    "tmp" "0.2.1"
